
Microsoft Visual Studio Solution File, Format Version 12.00
# Visual Studio Version 17
VisualStudioVersion = 17.2.32630.192
MinimumVisualStudioVersion = 10.0.40219.1
Project("{FAE04EC0-301F-11D3-BF4B-00C04F79EFBC}") = "Forms", "Forms\Forms.csproj", "{C305F7F9-7900-4369-8DDD-E8A1ADA6082B}"
EndProject
Global
	GlobalSection(SolutionConfigurationPlatforms) = preSolution
		Debug|Any CPU = Debug|Any CPU
		Release|Any CPU = Release|Any CPU
	EndGlobalSection
	GlobalSection(ProjectConfigurationPlatforms) = postSolution
		{C305F7F9-7900-4369-8DDD-E8A1ADA6082B}.Debug|Any CPU.ActiveCfg = Debug|Any CPU
		{C305F7F9-7900-4369-8DDD-E8A1ADA6082B}.Debug|Any CPU.Build.0 = Debug|Any CPU
		{C305F7F9-7900-4369-8DDD-E8A1ADA6082B}.Release|Any CPU.ActiveCfg = Release|Any CPU
		{C305F7F9-7900-4369-8DDD-E8A1ADA6082B}.Release|Any CPU.Build.0 = Release|Any CPU
	EndGlobalSection
	GlobalSection(SolutionProperties) = preSolution
		HideSolutionNode = FALSE
	EndGlobalSection
	GlobalSection(ExtensibilityGlobals) = postSolution
		SolutionGuid = {5593F010-857B-4EC9-9D84-870119BDF959}
	EndGlobalSection
EndGlobal
